
Microsoft Visual Studio Solution File, Format Version 12.00
# Visual Studio Version 17
VisualStudioVersion = 17.3.32901.215
MinimumVisualStudioVersion = 10.0.40219.1
Project("{FAE04EC0-301F-11D3-BF4B-00C04F79EFBC}") = "TextBoxAnd10Lines", "TextBoxAnd10Lines\TextBoxAnd10Lines.csproj", "{3069192D-83CF-4BAB-877E-E49EA4BFFB7E}"
EndProject
Global
	GlobalSection(SolutionConfigurationPlatforms) = preSolution
		Debug|Any CPU = Debug|Any CPU
		Release|Any CPU = Release|Any CPU
	EndGlobalSection
	GlobalSection(ProjectConfigurationPlatforms) = postSolution
		{3069192D-83CF-4BAB-877E-E49EA4BFFB7E}.Debug|Any CPU.ActiveCfg = Debug|Any CPU
		{3069192D-83CF-4BAB-877E-E49EA4BFFB7E}.Debug|Any CPU.Build.0 = Debug|Any CPU
		{3069192D-83CF-4BAB-877E-E49EA4BFFB7E}.Release|Any CPU.ActiveCfg = Release|Any CPU
		{3069192D-83CF-4BAB-877E-E49EA4BFFB7E}.Release|Any CPU.Build.0 = Release|Any CPU
	EndGlobalSection
	GlobalSection(SolutionProperties) = preSolution
		HideSolutionNode = FALSE
	EndGlobalSection
	GlobalSection(ExtensibilityGlobals) = postSolution
		SolutionGuid = {024124B3-CAE9-4856-BAA7-D787B5BE32C2}
	EndGlobalSection
EndGlobal
